
Microsoft Visual Studio Solution File, Format Version 12.00
# Visual Studio Version 16
VisualStudioVersion = 16.0.29926.136
MinimumVisualStudioVersion = 10.0.40219.1
Project("{FAE04EC0-301F-11D3-BF4B-00C04F79EFBC}") = "LogInComsed", "LogInComsed\LogInComsed.csproj", "{71D02D23-39D6-4EB5-BE4B-EA792449C002}"
EndProject
Global
	GlobalSection(SolutionConfigurationPlatforms) = preSolution
		Debug|Any CPU = Debug|Any CPU
		Release|Any CPU = Release|Any CPU
	EndGlobalSection
	GlobalSection(ProjectConfigurationPlatforms) = postSolution
		{71D02D23-39D6-4EB5-BE4B-EA792449C002}.Debug|Any CPU.ActiveCfg = Debug|Any CPU
		{71D02D23-39D6-4EB5-BE4B-EA792449C002}.Debug|Any CPU.Build.0 = Debug|Any CPU
		{71D02D23-39D6-4EB5-BE4B-EA792449C002}.Release|Any CPU.ActiveCfg = Release|Any CPU
		{71D02D23-39D6-4EB5-BE4B-EA792449C002}.Release|Any CPU.Build.0 = Release|Any CPU
	EndGlobalSection
	GlobalSection(SolutionProperties) = preSolution
		HideSolutionNode = FALSE
	EndGlobalSection
	GlobalSection(ExtensibilityGlobals) = postSolution
		SolutionGuid = {E0187753-EC0B-41CE-8323-6D6815744A60}
	EndGlobalSection
EndGlobal
